
Microsoft Visual Studio Solution File, Format Version 11.00
# Visual Studio 2010
Project("{FAE04EC0-301F-11D3-BF4B-00C04F79EFBC}") = "CircuitSim", "Circuits\CircuitSim.csproj", "{6E6E1AF2-0730-4E98-A7B9-C4A4C2192895}"
EndProject
Project("{FAE04EC0-301F-11D3-BF4B-00C04F79EFBC}") = "CircuitVis", "CircuitVis\CircuitVis.csproj", "{46BC138D-AB0D-4C65-ADC4-DEB200F4826A}"
EndProject
Project("{FAE04EC0-301F-11D3-BF4B-00C04F79EFBC}") = "CircuitConsole", "CircuitConsole\CircuitConsole.csproj", "{3064ED56-346F-454A-BF55-96E5F30BC7DF}"
EndProject
Project("{FAE04EC0-301F-11D3-BF4B-00C04F79EFBC}") = "carbrute", "carbrute\carbrute.csproj", "{3B0B1D0E-1B06-4E97-8E4E-648CB75398F7}"
EndProject
Global
	GlobalSection(SolutionConfigurationPlatforms) = preSolution
		Debug|Any CPU = Debug|Any CPU
		Debug|Mixed Platforms = Debug|Mixed Platforms
		Debug|x86 = Debug|x86
		Release|Any CPU = Release|Any CPU
		Release|Mixed Platforms = Release|Mixed Platforms
		Release|x86 = Release|x86
	EndGlobalSection
	GlobalSection(ProjectConfigurationPlatforms) = postSolution
		{6E6E1AF2-0730-4E98-A7B9-C4A4C2192895}.Debug|Any CPU.ActiveCfg = Debug|Any CPU
		{6E6E1AF2-0730-4E98-A7B9-C4A4C2192895}.Debug|Any CPU.Build.0 = Debug|Any CPU
		{6E6E1AF2-0730-4E98-A7B9-C4A4C2192895}.Debug|Mixed Platforms.ActiveCfg = Debug|Any CPU
		{6E6E1AF2-0730-4E98-A7B9-C4A4C2192895}.Debug|Mixed Platforms.Build.0 = Debug|Any CPU
		{6E6E1AF2-0730-4E98-A7B9-C4A4C2192895}.Debug|x86.ActiveCfg = Debug|Any CPU
		{6E6E1AF2-0730-4E98-A7B9-C4A4C2192895}.Release|Any CPU.ActiveCfg = Release|Any CPU
		{6E6E1AF2-0730-4E98-A7B9-C4A4C2192895}.Release|Any CPU.Build.0 = Release|Any CPU
		{6E6E1AF2-0730-4E98-A7B9-C4A4C2192895}.Release|Mixed Platforms.ActiveCfg = Release|Any CPU
		{6E6E1AF2-0730-4E98-A7B9-C4A4C2192895}.Release|Mixed Platforms.Build.0 = Release|Any CPU
		{6E6E1AF2-0730-4E98-A7B9-C4A4C2192895}.Release|x86.ActiveCfg = Release|Any CPU
		{46BC138D-AB0D-4C65-ADC4-DEB200F4826A}.Debug|Any CPU.ActiveCfg = Debug|x86
		{46BC138D-AB0D-4C65-ADC4-DEB200F4826A}.Debug|Mixed Platforms.ActiveCfg = Debug|x86
		{46BC138D-AB0D-4C65-ADC4-DEB200F4826A}.Debug|Mixed Platforms.Build.0 = Debug|x86
		{46BC138D-AB0D-4C65-ADC4-DEB200F4826A}.Debug|x86.ActiveCfg = Debug|x86
		{46BC138D-AB0D-4C65-ADC4-DEB200F4826A}.Debug|x86.Build.0 = Debug|x86
		{46BC138D-AB0D-4C65-ADC4-DEB200F4826A}.Release|Any CPU.ActiveCfg = Release|x86
		{46BC138D-AB0D-4C65-ADC4-DEB200F4826A}.Release|Mixed Platforms.ActiveCfg = Release|x86
		{46BC138D-AB0D-4C65-ADC4-DEB200F4826A}.Release|Mixed Platforms.Build.0 = Release|x86
		{46BC138D-AB0D-4C65-ADC4-DEB200F4826A}.Release|x86.ActiveCfg = Release|x86
		{46BC138D-AB0D-4C65-ADC4-DEB200F4826A}.Release|x86.Build.0 = Release|x86
		{3064ED56-346F-454A-BF55-96E5F30BC7DF}.Debug|Any CPU.ActiveCfg = Debug|x86
		{3064ED56-346F-454A-BF55-96E5F30BC7DF}.Debug|Mixed Platforms.ActiveCfg = Debug|x86
		{3064ED56-346F-454A-BF55-96E5F30BC7DF}.Debug|Mixed Platforms.Build.0 = Debug|x86
		{3064ED56-346F-454A-BF55-96E5F30BC7DF}.Debug|x86.ActiveCfg = Debug|x86
		{3064ED56-346F-454A-BF55-96E5F30BC7DF}.Debug|x86.Build.0 = Debug|x86
		{3064ED56-346F-454A-BF55-96E5F30BC7DF}.Release|Any CPU.ActiveCfg = Release|x86
		{3064ED56-346F-454A-BF55-96E5F30BC7DF}.Release|Mixed Platforms.ActiveCfg = Release|x86
		{3064ED56-346F-454A-BF55-96E5F30BC7DF}.Release|Mixed Platforms.Build.0 = Release|x86
		{3064ED56-346F-454A-BF55-96E5F30BC7DF}.Release|x86.ActiveCfg = Release|x86
		{3064ED56-346F-454A-BF55-96E5F30BC7DF}.Release|x86.Build.0 = Release|x86
		{3B0B1D0E-1B06-4E97-8E4E-648CB75398F7}.Debug|Any CPU.ActiveCfg = Debug|x86
		{3B0B1D0E-1B06-4E97-8E4E-648CB75398F7}.Debug|Mixed Platforms.ActiveCfg = Debug|x86
		{3B0B1D0E-1B06-4E97-8E4E-648CB75398F7}.Debug|Mixed Platforms.Build.0 = Debug|x86
		{3B0B1D0E-1B06-4E97-8E4E-648CB75398F7}.Debug|x86.ActiveCfg = Debug|x86
		{3B0B1D0E-1B06-4E97-8E4E-648CB75398F7}.Debug|x86.Build.0 = Debug|x86
		{3B0B1D0E-1B06-4E97-8E4E-648CB75398F7}.Release|Any CPU.ActiveCfg = Release|x86
		{3B0B1D0E-1B06-4E97-8E4E-648CB75398F7}.Release|Mixed Platforms.ActiveCfg = Release|x86
		{3B0B1D0E-1B06-4E97-8E4E-648CB75398F7}.Release|Mixed Platforms.Build.0 = Release|x86
		{3B0B1D0E-1B06-4E97-8E4E-648CB75398F7}.Release|x86.ActiveCfg = Release|x86
		{3B0B1D0E-1B06-4E97-8E4E-648CB75398F7}.Release|x86.Build.0 = Release|x86
	EndGlobalSection
	GlobalSection(SolutionProperties) = preSolution
		HideSolutionNode = FALSE
	EndGlobalSection
	GlobalSection(ExtensibilityGlobals) = postSolution
		VisualSVNWorkingCopyRoot = .
	EndGlobalSection
EndGlobal
